
Microsoft Visual Studio Solution File, Format Version 12.00
# Visual Studio Version 16
VisualStudioVersion = 16.0.30907.101
MinimumVisualStudioVersion = 10.0.40219.1
Project("{FAE04EC0-301F-11D3-BF4B-00C04F79EFBC}") = "TestApp", "TestApp\TestApp.csproj", "{8ADBAE18-A676-4E94-8423-9CDB0A8CC96A}"
EndProject
Global
	GlobalSection(SolutionConfigurationPlatforms) = preSolution
		Debug|Any CPU = Debug|Any CPU
		Release|Any CPU = Release|Any CPU
	EndGlobalSection
	GlobalSection(ProjectConfigurationPlatforms) = postSolution
		{8ADBAE18-A676-4E94-8423-9CDB0A8CC96A}.Debug|Any CPU.ActiveCfg = Debug|Any CPU
		{8ADBAE18-A676-4E94-8423-9CDB0A8CC96A}.Debug|Any CPU.Build.0 = Debug|Any CPU
		{8ADBAE18-A676-4E94-8423-9CDB0A8CC96A}.Release|Any CPU.ActiveCfg = Release|Any CPU
		{8ADBAE18-A676-4E94-8423-9CDB0A8CC96A}.Release|Any CPU.Build.0 = Release|Any CPU
	EndGlobalSection
	GlobalSection(SolutionProperties) = preSolution
		HideSolutionNode = FALSE
	EndGlobalSection
	GlobalSection(ExtensibilityGlobals) = postSolution
		SolutionGuid = {852B9E10-34F3-4CE6-A754-416925C752D3}
	EndGlobalSection
EndGlobal
